
Microsoft Visual Studio Solution File, Format Version 12.00
# Visual Studio Version 16
VisualStudioVersion = 16.0.32002.261
MinimumVisualStudioVersion = 10.0.40219.1
Project("{FAE04EC0-301F-11D3-BF4B-00C04F79EFBC}") = "BooksWebApp.Api", "BooksWebApp.Api.csproj", "{A5BEB392-B70A-4D0E-BA36-0D04FF7358E3}"
EndProject
Project("{FAE04EC0-301F-11D3-BF4B-00C04F79EFBC}") = "BooksWebApp.UI", "..\BooksWebApp.UI\BooksWebApp.UI.csproj", "{3B73E9CD-B43C-4667-8D84-BD48815B41D5}"
EndProject
Project("{FAE04EC0-301F-11D3-BF4B-00C04F79EFBC}") = "BooksWebApp.Data", "..\BooksWebApp.Data\BooksWebApp.Data.csproj", "{63064087-2E2E-4385-AEEA-68AD99FCB582}"
EndProject
Global
	GlobalSection(SolutionConfigurationPlatforms) = preSolution
		Debug|Any CPU = Debug|Any CPU
		Release|Any CPU = Release|Any CPU
	EndGlobalSection
	GlobalSection(ProjectConfigurationPlatforms) = postSolution
		{A5BEB392-B70A-4D0E-BA36-0D04FF7358E3}.Debug|Any CPU.ActiveCfg = Debug|Any CPU
		{A5BEB392-B70A-4D0E-BA36-0D04FF7358E3}.Debug|Any CPU.Build.0 = Debug|Any CPU
		{A5BEB392-B70A-4D0E-BA36-0D04FF7358E3}.Release|Any CPU.ActiveCfg = Release|Any CPU
		{A5BEB392-B70A-4D0E-BA36-0D04FF7358E3}.Release|Any CPU.Build.0 = Release|Any CPU
		{3B73E9CD-B43C-4667-8D84-BD48815B41D5}.Debug|Any CPU.ActiveCfg = Debug|Any CPU
		{3B73E9CD-B43C-4667-8D84-BD48815B41D5}.Debug|Any CPU.Build.0 = Debug|Any CPU
		{3B73E9CD-B43C-4667-8D84-BD48815B41D5}.Release|Any CPU.ActiveCfg = Release|Any CPU
		{3B73E9CD-B43C-4667-8D84-BD48815B41D5}.Release|Any CPU.Build.0 = Release|Any CPU
		{63064087-2E2E-4385-AEEA-68AD99FCB582}.Debug|Any CPU.ActiveCfg = Debug|Any CPU
		{63064087-2E2E-4385-AEEA-68AD99FCB582}.Debug|Any CPU.Build.0 = Debug|Any CPU
		{63064087-2E2E-4385-AEEA-68AD99FCB582}.Release|Any CPU.ActiveCfg = Release|Any CPU
		{63064087-2E2E-4385-AEEA-68AD99FCB582}.Release|Any CPU.Build.0 = Release|Any CPU
	EndGlobalSection
	GlobalSection(SolutionProperties) = preSolution
		HideSolutionNode = FALSE
	EndGlobalSection
	GlobalSection(ExtensibilityGlobals) = postSolution
		SolutionGuid = {4210CC2F-3DEE-43BA-9465-1DC23D853C77}
	EndGlobalSection
EndGlobal
